# THIS IS AN AUTOGENERATED FILE. DO NOT EDIT THIS FILE DIRECTLY.
# yarn lockfile v1


jasmine-core@^2.3.4:
  version "2.99.1"
  resolved "https://registry.yarnpkg.com/jasmine-core/-/jasmine-core-2.99.1.tgz#e6400df1e6b56e130b61c4bcd093daa7f6e8ca15"
  integrity sha1-5kAN8ea1bhMLYcS80JPap/boyhU=

jquery-easing@^0.0.1:
  version "0.0.1"
  resolved "https://registry.yarnpkg.com/jquery-easing/-/jquery-easing-0.0.1.tgz#b3c37525b55734dc1ee1ad09b6c3373187687715"
  integrity sha1-s8N1JbVXNNwe4a0JtsM3MYdodxU=
  dependencies:
    jquery "*"

jquery@*:
  version "3.4.1"
  resolved "https://registry.yarnpkg.com/jquery/-/jquery-3.4.1.tgz#714f1f8d9dde4bdfa55764ba37ef214630d80ef2"
  integrity sha512-36+AdBzCL+y6qjw5Tx7HgzeGCzC81MDDgaUP8ld2zhx58HdqXGoBd+tHdrBMiyjGQs0Hxs/MLZTu/eHNJJuWPw==

marker-animate-unobtrusive@^0.2.8:
  version "0.2.8"
  resolved "https://registry.yarnpkg.com/marker-animate-unobtrusive/-/marker-animate-unobtrusive-0.2.8.tgz#6e92226781169567ebfb7defaac2bcf8995da23d"
  integrity sha1-bpIiZ4EWlWfr+33vqsK8+Jldoj0=
  dependencies:
    jasmine-core "^2.3.4"
    jquery "*"
    marker-animate "^0.0.1"

marker-animate@^0.0.1:
  version "0.0.1"
  resolved "https://registry.yarnpkg.com/marker-animate/-/marker-animate-0.0.1.tgz#883afb87e842075af571d0462fe1a944dbba6d11"
  integrity sha1-iDr7h+hCB1r1cdBGL+GpRNu6bRE=
  dependencies:
    jquery "*"
    jquery-easing "^0.0.1"
